
Microsoft Visual Studio Solution File, Format Version 12.00
# Visual Studio Version 17
VisualStudioVersion = 17.12.35707.178 d17.12
MinimumVisualStudioVersion = 10.0.40219.1
Project("{FAE04EC0-301F-11D3-BF4B-00C04F79EFBC}") = "LibraryManagementSystem", "Library Management System\LibraryManagementSystem.csproj", "{838D35AB-D961-443A-949A-9453DEEC7AAE}"
EndProject
Global
	GlobalSection(SolutionConfigurationPlatforms) = preSolution
		Debug|Any CPU = Debug|Any CPU
		Release|Any CPU = Release|Any CPU
	EndGlobalSection
	GlobalSection(ProjectConfigurationPlatforms) = postSolution
		{838D35AB-D961-443A-949A-9453DEEC7AAE}.Debug|Any CPU.ActiveCfg = Debug|Any CPU
		{838D35AB-D961-443A-949A-9453DEEC7AAE}.Debug|Any CPU.Build.0 = Debug|Any CPU
		{838D35AB-D961-443A-949A-9453DEEC7AAE}.Release|Any CPU.ActiveCfg = Release|Any CPU
		{838D35AB-D961-443A-949A-9453DEEC7AAE}.Release|Any CPU.Build.0 = Release|Any CPU
	EndGlobalSection
	GlobalSection(SolutionProperties) = preSolution
		HideSolutionNode = FALSE
	EndGlobalSection
EndGlobal
